<?xml version="1.0" encoding="utf-8"?>
<Project ToolsVersion="4.0" xmlns="http://schemas.microsoft.com/developer/msbuild/2003">
  <ItemGroup>
    <Filter Include="Source Files">
      <UniqueIdentifier>{4FC737F1-C7A5-4376-A066-2A32D752A2FF}</UniqueIdentifier>
      <Extensions>cpp;c;cc;cxx;def;odl;idl;hpj;bat;asm;asmx</Extensions>
    </Filter>
    <Filter Include="Header Files">
      <UniqueIdentifier>{93995380-89BD-4b04-88EB-625FBE52EBFB}</UniqueIdentifier>
      <Extensions>h;hpp;hxx;hm;inl;inc;xsd</Extensions>
    </Filter>
    <Filter Include="Resource Files">
      <UniqueIdentifier>{67DA6AB6-F800-4c08-8B7A-83BB121AAD01}</UniqueIdentifier>
      <Extensions>rc;ico;cur;bmp;dlg;rc2;rct;bin;rgs;gif;jpg;jpeg;jpe;resx;tiff;tif;png;wav;mfcribbon-ms</Extensions>
    </Filter>
    <Filter Include="Header Files\Eigen">
      <UniqueIdentifier>{c17ac8ef-3362-4e2a-8502-7acce29c6f09}</UniqueIdentifier>
    </Filter>
  </ItemGroup>
  <ItemGroup>
    <ClCompile Include="app.cpp">
      <Filter>Source Files</Filter>
    </ClCompile>
    <ClCompile Include="D3DMesh.cpp">
      <Filter>Source Files</Filter>
    </ClCompile>
    <ClCompile Include="D3DRenderer.cpp">
      <Filter>Source Files</Filter>
    </ClCompile>
    <ClCompile Include="DirectXApp.cpp">
      <Filter>Source Files</Filter>
    </ClCompile>
    <ClCompile Include="main.cpp">
      <Filter>Source Files</Filter>
    </ClCompile>
    <ClCompile Include="SDLHandler.cpp">
      <Filter>Source Files</Filter>
    </ClCompile>
    <ClCompile Include="Mesh.cpp">
      <Filter>Source Files</Filter>
    </ClCompile>
    <ClCompile Include="ExperimentApp.cpp">
      <Filter>Source Files</Filter>
    </ClCompile>
    <ClCompile Include="MouseKeyboardInterface.cpp">
      <Filter>Source Files</Filter>
    </ClCompile>
    <ClCompile Include="timestamp.cpp">
      <Filter>Source Files</Filter>
    </ClCompile>
    <ClCompile Include="json.cpp">
      <Filter>Source Files</Filter>
    </ClCompile>
    <ClCompile Include="Scene.cpp">
      <Filter>Source Files</Filter>
    </ClCompile>
    <ClCompile Include="Experiment.cpp">
      <Filter>Source Files</Filter>
    </ClCompile>
    <ClCompile Include="HydraInterface.cpp">
      <Filter>Source Files</Filter>
    </ClCompile>
    <ClCompile Include="CalibrationScene.cpp">
      <Filter>Source Files</Filter>
    </ClCompile>
    <ClCompile Include="TestScene.cpp">
      <Filter>Source Files</Filter>
    </ClCompile>
    <ClCompile Include="InteractionSpace.cpp">
      <Filter>Source Files</Filter>
    </ClCompile>
    <ClCompile Include="Alignment.cpp">
      <Filter>Source Files</Filter>
    </ClCompile>
    <ClCompile Include="JSONLog.cpp">
      <Filter>Source Files</Filter>
    </ClCompile>
    <ClCompile Include="ARInterface.cpp">
      <Filter>Source Files</Filter>
    </ClCompile>
    <ClCompile Include="Flea3.cpp">
      <Filter>Source Files</Filter>
    </ClCompile>
    <ClCompile Include="LeapInterface.cpp">
      <Filter>Source Files</Filter>
    </ClCompile>
    <ClCompile Include="RelativeInputInterface.cpp">
      <Filter>Source Files</Filter>
    </ClCompile>
    <ClCompile Include="HydraRelativeInterface.cpp">
      <Filter>Source Files</Filter>
    </ClCompile>
    <ClCompile Include="AdjustableInterface.cpp">
      <Filter>Source Files</Filter>
    </ClCompile>
  </ItemGroup>
  <ItemGroup>
    <ClInclude Include="app.h">
      <Filter>Header Files</Filter>
    </ClInclude>
    <ClInclude Include="D3DMesh.h">
      <Filter>Header Files</Filter>
    </ClInclude>
    <ClInclude Include="D3DRenderer.h">
      <Filter>Header Files</Filter>
    </ClInclude>
    <ClInclude Include="DirectXApp.h">
      <Filter>Header Files</Filter>
    </ClInclude>
    <ClInclude Include="Renderer.h">
      <Filter>Header Files</Filter>
    </ClInclude>
    <ClInclude Include="SDLHandler.h">
      <Filter>Header Files</Filter>
    </ClInclude>
    <ClInclude Include="Mesh.h">
      <Filter>Header Files</Filter>
    </ClInclude>
    <ClInclude Include="nvapi.h">
      <Filter>Header Files</Filter>
    </ClInclude>
    <ClInclude Include="ExperimentApp.h">
      <Filter>Header Files</Filter>
    </ClInclude>
    <ClInclude Include="InputInterface.h">
      <Filter>Header Files</Filter>
    </ClInclude>
    <ClInclude Include="MouseKeyboardInterface.h">
      <Filter>Header Files</Filter>
    </ClInclude>
    <ClInclude Include="timestamp.h">
      <Filter>Header Files</Filter>
    </ClInclude>
    <ClInclude Include="Experiment.h">
      <Filter>Header Files</Filter>
    </ClInclude>
    <ClInclude Include="json.h">
      <Filter>Header Files</Filter>
    </ClInclude>
    <ClInclude Include="Scene.h">
      <Filter>Header Files</Filter>
    </ClInclude>
    <ClInclude Include="InputStatus.h">
      <Filter>Header Files</Filter>
    </ClInclude>
    <ClInclude Include="HydraInterface.h">
      <Filter>Header Files</Filter>
    </ClInclude>
    <ClInclude Include="CalibrationScene.h">
      <Filter>Header Files</Filter>
    </ClInclude>
    <ClInclude Include="TestScene.h">
      <Filter>Header Files</Filter>
    </ClInclude>
    <ClInclude Include="InteractionSpace.h">
      <Filter>Header Files</Filter>
    </ClInclude>
    <ClInclude Include="Alignment.h">
      <Filter>Header Files</Filter>
    </ClInclude>
    <ClInclude Include="JSONLog.h">
      <Filter>Header Files</Filter>
    </ClInclude>
    <ClInclude Include="ARInterface.h">
      <Filter>Header Files</Filter>
    </ClInclude>
    <ClInclude Include="Flea3.h">
      <Filter>Header Files</Filter>
    </ClInclude>
    <ClInclude Include="LeapInterface.h">
      <Filter>Header Files</Filter>
    </ClInclude>
    <ClInclude Include="RelativeInputInterface.h">
      <Filter>Header Files</Filter>
    </ClInclude>
    <ClInclude Include="HydraRelativeInterface.h">
      <Filter>Header Files</Filter>
    </ClInclude>
    <ClInclude Include="TransformedInterface.h">
      <Filter>Header Files</Filter>
    </ClInclude>
    <ClInclude Include="AdjustableInterface.h">
      <Filter>Header Files</Filter>
    </ClInclude>
  </ItemGroup>
  <ItemGroup>
    <None Include="ps.ps">
      <Filter>Resource Files</Filter>
    </None>
    <None Include="ps_1light.ps">
      <Filter>Resource Files</Filter>
    </None>
    <None Include="tps.ps">
      <Filter>Resource Files</Filter>
    </None>
    <None Include="tvs.vs">
      <Filter>Resource Files</Filter>
    </None>
    <None Include="vs.vs">
      <Filter>Resource Files</Filter>
    </None>
    <None Include="vs_1light.vs">
      <Filter>Resource Files</Filter>
    </None>
    <None Include="ClassDiagram1.cd" />
    <None Include="Eigen\Array">
      <Filter>Header Files\Eigen</Filter>
    </None>
    <None Include="Eigen\Cholesky">
      <Filter>Header Files\Eigen</Filter>
    </None>
    <None Include="Eigen\CholmodSupport">
      <Filter>Header Files\Eigen</Filter>
    </None>
    <None Include="Eigen\Core">
      <Filter>Header Files\Eigen</Filter>
    </None>
    <None Include="Eigen\Dense">
      <Filter>Header Files\Eigen</Filter>
    </None>
    <None Include="Eigen\Eigen">
      <Filter>Header Files\Eigen</Filter>
    </None>
    <None Include="Eigen\Eigen2Support">
      <Filter>Header Files\Eigen</Filter>
    </None>
    <None Include="Eigen\Eigenvalues">
      <Filter>Header Files\Eigen</Filter>
    </None>
    <None Include="Eigen\Geometry">
      <Filter>Header Files\Eigen</Filter>
    </None>
    <None Include="Eigen\Householder">
      <Filter>Header Files\Eigen</Filter>
    </None>
    <None Include="Eigen\IterativeLinearSolvers">
      <Filter>Header Files\Eigen</Filter>
    </None>
    <None Include="Eigen\Jacobi">
      <Filter>Header Files\Eigen</Filter>
    </None>
    <None Include="Eigen\LeastSquares">
      <Filter>Header Files\Eigen</Filter>
    </None>
    <None Include="Eigen\LU">
      <Filter>Header Files\Eigen</Filter>
    </None>
    <None Include="Eigen\MetisSupport">
      <Filter>Header Files\Eigen</Filter>
    </None>
    <None Include="Eigen\OrderingMethods">
      <Filter>Header Files\Eigen</Filter>
    </None>
    <None Include="Eigen\PardisoSupport">
      <Filter>Header Files\Eigen</Filter>
    </None>
    <None Include="Eigen\PaStiXSupport">
      <Filter>Header Files\Eigen</Filter>
    </None>
    <None Include="Eigen\QR">
      <Filter>Header Files\Eigen</Filter>
    </None>
    <None Include="Eigen\QtAlignedMalloc">
      <Filter>Header Files\Eigen</Filter>
    </None>
    <None Include="Eigen\Sparse">
      <Filter>Header Files\Eigen</Filter>
    </None>
    <None Include="Eigen\SparseCholesky">
      <Filter>Header Files\Eigen</Filter>
    </None>
    <None Include="Eigen\SparseCore">
      <Filter>Header Files\Eigen</Filter>
    </None>
    <None Include="Eigen\SparseLU">
      <Filter>Header Files\Eigen</Filter>
    </None>
    <None Include="Eigen\SparseQR">
      <Filter>Header Files\Eigen</Filter>
    </None>
    <None Include="Eigen\SPQRSupport">
      <Filter>Header Files\Eigen</Filter>
    </None>
    <None Include="Eigen\StdDeque">
      <Filter>Header Files\Eigen</Filter>
    </None>
    <None Include="Eigen\StdList">
      <Filter>Header Files\Eigen</Filter>
    </None>
    <None Include="Eigen\StdVector">
      <Filter>Header Files\Eigen</Filter>
    </None>
    <None Include="Eigen\SuperLUSupport">
      <Filter>Header Files\Eigen</Filter>
    </None>
    <None Include="Eigen\SVD">
      <Filter>Header Files\Eigen</Filter>
    </None>
    <None Include="Eigen\UmfPackSupport">
      <Filter>Header Files\Eigen</Filter>
    </None>
    <None Include="exp1.json">
      <Filter>Resource Files</Filter>
    </None>
    <None Include="vs_1light_headtracked.vs">
      <Filter>Resource Files</Filter>
    </None>
  </ItemGroup>
</Project>